# generated by rye
# use `rye lock` or `rye sync` to update this lockfile
#
# last locked with the following flags:
#   pre: false
#   features: []
#   all-features: false
#   with-sources: false

-e file:.
black==24.2.0
    # via pdf-tables-to-excel
cffi==1.16.0
    # via cryptography
charset-normalizer==3.3.2
    # via pdfminer-six
click==8.1.7
    # via black
cryptography==42.0.5
    # via pdfminer-six
et-xmlfile==1.1.0
    # via openpyxl
flake8==7.0.0
    # via pdf-tables-to-excel
mccabe==0.7.0
    # via flake8
mypy-extensions==1.0.0
    # via black
openpyxl==3.1.2
    # via pdf-tables-to-excel
packaging==24.0
    # via black
pathspec==0.12.1
    # via black
pdfminer-six==20231228
    # via pdfplumber
pdfplumber==0.11.0
    # via pdf-tables-to-excel
pillow==10.2.0
    # via pdfplumber
platformdirs==4.2.0
    # via black
pycodestyle==2.11.1
    # via flake8
pycparser==2.21
    # via cffi
pyflakes==3.2.0
    # via flake8
pypdfium2==4.28.0
    # via pdfplumber
